// !$*UTF8*$!
{
	archiveVersion = 1;
	classes = {
	};
	objectVersion = 56;
	objects = {

/* Begin PBXBuildFile section */
		4B1B82492ABCBE9D005EF033 /* MainTabView.swift in Sources */ = {isa = PBXBuildFile; fileRef = 4B1B82482ABCBE9D005EF033 /* MainTabView.swift */; };
		4B1B824D2ABCBFED005EF033 /* ProfileView.swift in Sources */ = {isa = PBXBuildFile; fileRef = 4B1B824C2ABCBFED005EF033 /* ProfileView.swift */; };
		4B1B82502ABCC531005EF033 /* UserStatView.swift in Sources */ = {isa = PBXBuildFile; fileRef = 4B1B824F2ABCC531005EF033 /* UserStatView.swift */; };
		4B1B82532ABCC882005EF033 /* FeedView.swift in Sources */ = {isa = PBXBuildFile; fileRef = 4B1B82522ABCC882005EF033 /* FeedView.swift */; };
		4B1B82552ABCCD1D005EF033 /* FeedCell.swift in Sources */ = {isa = PBXBuildFile; fileRef = 4B1B82542ABCCD1D005EF033 /* FeedCell.swift */; };
		4B1B82582ABCD2A9005EF033 /* SearchView.swift in Sources */ = {isa = PBXBuildFile; fileRef = 4B1B82572ABCD2A9005EF033 /* SearchView.swift */; };
		4B1B825A2ABCD56B005EF033 /* UserImage.swift in Sources */ = {isa = PBXBuildFile; fileRef = 4B1B82592ABCD56B005EF033 /* UserImage.swift */; };
		4B74137B2AC1E749002333CA /* LoginView.swift in Sources */ = {isa = PBXBuildFile; fileRef = 4B74137A2AC1E749002333CA /* LoginView.swift */; };
		4B74137D2AC1F384002333CA /* Add EmailView.swift in Sources */ = {isa = PBXBuildFile; fileRef = 4B74137C2AC1F384002333CA /* Add EmailView.swift */; };
		4B74137F2AC1F6B2002333CA /* IGTextFieldModifier.swift in Sources */ = {isa = PBXBuildFile; fileRef = 4B74137E2AC1F6B2002333CA /* IGTextFieldModifier.swift */; };
		4B8CD7182ABBDDB50046C967 /* InstagramCloneApp.swift in Sources */ = {isa = PBXBuildFile; fileRef = 4B8CD7172ABBDDB50046C967 /* InstagramCloneApp.swift */; };
		4B8CD71A2ABBDDB50046C967 /* ContentView.swift in Sources */ = {isa = PBXBuildFile; fileRef = 4B8CD7192ABBDDB50046C967 /* ContentView.swift */; };
		4B8CD71C2ABBDDB70046C967 /* Assets.xcassets in Resources */ = {isa = PBXBuildFile; fileRef = 4B8CD71B2ABBDDB70046C967 /* Assets.xcassets */; };
		4B8CD71F2ABBDDB70046C967 /* Preview Assets.xcassets in Resources */ = {isa = PBXBuildFile; fileRef = 4B8CD71E2ABBDDB70046C967 /* Preview Assets.xcassets */; };
/* End PBXBuildFile section */

/* Begin PBXFileReference section */
		4B1B82482ABCBE9D005EF033 /* MainTabView.swift */ = {isa = PBXFileReference; lastKnownFileType = sourcecode.swift; path = MainTabView.swift; sourceTree = "<group>"; };
		4B1B824C2ABCBFED005EF033 /* ProfileView.swift */ = {isa = PBXFileReference; lastKnownFileType = sourcecode.swift; path = ProfileView.swift; sourceTree = "<group>"; };
		4B1B824F2ABCC531005EF033 /* UserStatView.swift */ = {isa = PBXFileReference; lastKnownFileType = sourcecode.swift; path = UserStatView.swift; sourceTree = "<group>"; };
		4B1B82522ABCC882005EF033 /* FeedView.swift */ = {isa = PBXFileReference; lastKnownFileType = sourcecode.swift; path = FeedView.swift; sourceTree = "<group>"; };
		4B1B82542ABCCD1D005EF033 /* FeedCell.swift */ = {isa = PBXFileReference; lastKnownFileType = sourcecode.swift; path = FeedCell.swift; sourceTree = "<group>"; };
		4B1B82572ABCD2A9005EF033 /* SearchView.swift */ = {isa = PBXFileReference; lastKnownFileType = sourcecode.swift; path = SearchView.swift; sourceTree = "<group>"; };
		4B1B82592ABCD56B005EF033 /* UserImage.swift */ = {isa = PBXFileReference; lastKnownFileType = sourcecode.swift; path = UserImage.swift; sourceTree = "<group>"; };
		4B74137A2AC1E749002333CA /* LoginView.swift */ = {isa = PBXFileReference; lastKnownFileType = sourcecode.swift; path = LoginView.swift; sourceTree = "<group>"; };
		4B74137C2AC1F384002333CA /* Add EmailView.swift */ = {isa = PBXFileReference; lastKnownFileType = sourcecode.swift; path = "Add EmailView.swift"; sourceTree = "<group>"; };
		4B74137E2AC1F6B2002333CA /* IGTextFieldModifier.swift */ = {isa = PBXFileReference; lastKnownFileType = sourcecode.swift; path = IGTextFieldModifier.swift; sourceTree = "<group>"; };
		4B8CD7142ABBDDB50046C967 /* InstagramClone.app */ = {isa = PBXFileReference; explicitFileType = wrapper.application; includeInIndex = 0; path = InstagramClone.app; sourceTree = BUILT_PRODUCTS_DIR; };
		4B8CD7172ABBDDB50046C967 /* InstagramCloneApp.swift */ = {isa = PBXFileReference; lastKnownFileType = sourcecode.swift; path = InstagramCloneApp.swift; sourceTree = "<group>"; };
		4B8CD7192ABBDDB50046C967 /* ContentView.swift */ = {isa = PBXFileReference; lastKnownFileType = sourcecode.swift; path = ContentView.swift; sourceTree = "<group>"; };
		4B8CD71B2ABBDDB70046C967 /* Assets.xcassets */ = {isa = PBXFileReference; lastKnownFileType = folder.assetcatalog; path = Assets.xcassets; sourceTree = "<group>"; };
		4B8CD71E2ABBDDB70046C967 /* Preview Assets.xcassets */ = {isa = PBXFileReference; lastKnownFileType = folder.assetcatalog; path = "Preview Assets.xcassets"; sourceTree = "<group>"; };
/* End PBXFileReference section */

/* Begin PBXFrameworksBuildPhase section */
		4B8CD7112ABBDDB50046C967 /* Frameworks */ = {
			isa = PBXFrameworksBuildPhase;
			buildActionMask = 2147483647;
			files = (
			);
			runOnlyForDeploymentPostprocessing = 0;
		};
/* End PBXFrameworksBuildPhase section */

/* Begin PBXGroup section */
		4B1B823C2ABCBE00005EF033 /* App */ = {
			isa = PBXGroup;
			children = (
				4B8CD7172ABBDDB50046C967 /* InstagramCloneApp.swift */,
			);
			path = App;
			sourceTree = "<group>";
		};
		4B1B823D2ABCBE0E005EF033 /* Core */ = {
			isa = PBXGroup;
			children = (
				4B1B82472ABCBE65005EF033 /* Authentication */,
				4B1B824E2ABCC50D005EF033 /* Components */,
				4B1B82462ABCBE5F005EF033 /* Feed */,
				4B1B82452ABCBE50005EF033 /* Profile */,
				4B1B82442ABCBE4B005EF033 /* Root */,
				4B1B82432ABCBE44005EF033 /* Search */,
				4B1B82422ABCBE3E005EF033 /* TabBar */,
				4B1B82412ABCBE35005EF033 /* UploadPost */,
			);
			path = Core;
			sourceTree = "<group>";
		};
		4B1B823E2ABCBE16005EF033 /* Extensions */ = {
			isa = PBXGroup;
			children = (
			);
			path = Extensions;
			sourceTree = "<group>";
		};
		4B1B823F2ABCBE21005EF033 /* Model */ = {
			isa = PBXGroup;
			children = (
			);
			path = Model;
			sourceTree = "<group>";
		};
		4B1B82402ABCBE29005EF033 /* Services */ = {
			isa = PBXGroup;
			children = (
			);
			path = Services;
			sourceTree = "<group>";
		};
		4B1B82412ABCBE35005EF033 /* UploadPost */ = {
			isa = PBXGroup;
			children = (
			);
			path = UploadPost;
			sourceTree = "<group>";
		};
		4B1B82422ABCBE3E005EF033 /* TabBar */ = {
			isa = PBXGroup;
			children = (
				4B1B82482ABCBE9D005EF033 /* MainTabView.swift */,
			);
			path = TabBar;
			sourceTree = "<group>";
		};
		4B1B82432ABCBE44005EF033 /* Search */ = {
			isa = PBXGroup;
			children = (
				4B1B82562ABCD29A005EF033 /* View */,
			);
			path = Search;
			sourceTree = "<group>";
		};
		4B1B82442ABCBE4B005EF033 /* Root */ = {
			isa = PBXGroup;
			children = (
			);
			path = Root;
			sourceTree = "<group>";
		};
		4B1B82452ABCBE50005EF033 /* Profile */ = {
			isa = PBXGroup;
			children = (
				4B1B824A2ABCBFD6005EF033 /* View */,
			);
			path = Profile;
			sourceTree = "<group>";
		};
		4B1B82462ABCBE5F005EF033 /* Feed */ = {
			isa = PBXGroup;
			children = (
				4B1B82512ABCC877005EF033 /* View */,
			);
			path = Feed;
			sourceTree = "<group>";
		};
		4B1B82472ABCBE65005EF033 /* Authentication */ = {
			isa = PBXGroup;
			children = (
				4B7413792AC1E739002333CA /* View */,
			);
			path = Authentication;
			sourceTree = "<group>";
		};
		4B1B824A2ABCBFD6005EF033 /* View */ = {
			isa = PBXGroup;
			children = (
				4B1B824C2ABCBFED005EF033 /* ProfileView.swift */,
			);
			path = View;
			sourceTree = "<group>";
		};
		4B1B824E2ABCC50D005EF033 /* Components */ = {
			isa = PBXGroup;
			children = (
				4B74137E2AC1F6B2002333CA /* IGTextFieldModifier.swift */,
				4B1B824F2ABCC531005EF033 /* UserStatView.swift */,
				4B1B82592ABCD56B005EF033 /* UserImage.swift */,
			);
			path = Components;
			sourceTree = "<group>";
		};
		4B1B82512ABCC877005EF033 /* View */ = {
			isa = PBXGroup;
			children = (
				4B1B82522ABCC882005EF033 /* FeedView.swift */,
				4B1B82542ABCCD1D005EF033 /* FeedCell.swift */,
			);
			path = View;
			sourceTree = "<group>";
		};
		4B1B82562ABCD29A005EF033 /* View */ = {
			isa = PBXGroup;
			children = (
				4B1B82572ABCD2A9005EF033 /* SearchView.swift */,
			);
			path = View;
			sourceTree = "<group>";
		};
		4B7413792AC1E739002333CA /* View */ = {
			isa = PBXGroup;
			children = (
				4B74137A2AC1E749002333CA /* LoginView.swift */,
				4B74137C2AC1F384002333CA /* Add EmailView.swift */,
			);
			path = View;
			sourceTree = "<group>";
		};
		4B8CD70B2ABBDDB50046C967 = {
			isa = PBXGroup;
			children = (
				4B8CD7162ABBDDB50046C967 /* InstagramClone */,
				4B8CD7152ABBDDB50046C967 /* Products */,
			);
			sourceTree = "<group>";
		};
		4B8CD7152ABBDDB50046C967 /* Products */ = {
			isa = PBXGroup;
			children = (
				4B8CD7142ABBDDB50046C967 /* InstagramClone.app */,
			);
			name = Products;
			sourceTree = "<group>";
		};
		4B8CD7162ABBDDB50046C967 /* InstagramClone */ = {
			isa = PBXGroup;
			children = (
				4B1B823C2ABCBE00005EF033 /* App */,
				4B1B823D2ABCBE0E005EF033 /* Core */,
				4B1B823E2ABCBE16005EF033 /* Extensions */,
				4B1B823F2ABCBE21005EF033 /* Model */,
				4B1B82402ABCBE29005EF033 /* Services */,
				4B8CD7192ABBDDB50046C967 /* ContentView.swift */,
				4B8CD71B2ABBDDB70046C967 /* Assets.xcassets */,
				4B8CD71D2ABBDDB70046C967 /* Preview Content */,
			);
			path = InstagramClone;
			sourceTree = "<group>";
		};
		4B8CD71D2ABBDDB70046C967 /* Preview Content */ = {
			isa = PBXGroup;
			children = (
				4B8CD71E2ABBDDB70046C967 /* Preview Assets.xcassets */,
			);
			path = "Preview Content";
			sourceTree = "<group>";
		};
/* End PBXGroup section */

/* Begin PBXNativeTarget section */
		4B8CD7132ABBDDB50046C967 /* InstagramClone */ = {
			isa = PBXNativeTarget;
			buildConfigurationList = 4B8CD7222ABBDDB70046C967 /* Build configuration list for PBXNativeTarget "InstagramClone" */;
			buildPhases = (
				4B8CD7102ABBDDB50046C967 /* Sources */,
				4B8CD7112ABBDDB50046C967 /* Frameworks */,
				4B8CD7122ABBDDB50046C967 /* Resources */,
			);
			buildRules = (
			);
			dependencies = (
			);
			name = InstagramClone;
			productName = InstagramClone;
			productReference = 4B8CD7142ABBDDB50046C967 /* InstagramClone.app */;
			productType = "com.apple.product-type.application";
		};
/* End PBXNativeTarget section */

/* Begin PBXProject section */
		4B8CD70C2ABBDDB50046C967 /* Project object */ = {
			isa = PBXProject;
			attributes = {
				BuildIndependentTargetsInParallel = 1;
				LastSwiftUpdateCheck = 1430;
				LastUpgradeCheck = 1430;
				TargetAttributes = {
					4B8CD7132ABBDDB50046C967 = {
						CreatedOnToolsVersion = 14.3.1;
					};
				};
			};
			buildConfigurationList = 4B8CD70F2ABBDDB50046C967 /* Build configuration list for PBXProject "InstagramClone" */;
			compatibilityVersion = "Xcode 14.0";
			developmentRegion = en;
			hasScannedForEncodings = 0;
			knownRegions = (
				en,
				Base,
			);
			mainGroup = 4B8CD70B2ABBDDB50046C967;
			productRefGroup = 4B8CD7152ABBDDB50046C967 /* Products */;
			projectDirPath = "";
			projectRoot = "";
			targets = (
				4B8CD7132ABBDDB50046C967 /* InstagramClone */,
			);
		};
/* End PBXProject section */

/* Begin PBXResourcesBuildPhase section */
		4B8CD7122ABBDDB50046C967 /* Resources */ = {
			isa = PBXResourcesBuildPhase;
			buildActionMask = 2147483647;
			files = (
				4B8CD71F2ABBDDB70046C967 /* Preview Assets.xcassets in Resources */,
				4B8CD71C2ABBDDB70046C967 /* Assets.xcassets in Resources */,
			);
			runOnlyForDeploymentPostprocessing = 0;
		};
/* End PBXResourcesBuildPhase section */

/* Begin PBXSourcesBuildPhase section */
		4B8CD7102ABBDDB50046C967 /* Sources */ = {
			isa = PBXSourcesBuildPhase;
			buildActionMask = 2147483647;
			files = (
				4B1B82552ABCCD1D005EF033 /* FeedCell.swift in Sources */,
				4B1B824D2ABCBFED005EF033 /* ProfileView.swift in Sources */,
				4B8CD71A2ABBDDB50046C967 /* ContentView.swift in Sources */,
				4B8CD7182ABBDDB50046C967 /* InstagramCloneApp.swift in Sources */,
				4B74137F2AC1F6B2002333CA /* IGTextFieldModifier.swift in Sources */,
				4B1B82582ABCD2A9005EF033 /* SearchView.swift in Sources */,
				4B1B82502ABCC531005EF033 /* UserStatView.swift in Sources */,
				4B74137D2AC1F384002333CA /* Add EmailView.swift in Sources */,
				4B1B82532ABCC882005EF033 /* FeedView.swift in Sources */,
				4B1B825A2ABCD56B005EF033 /* UserImage.swift in Sources */,
				4B74137B2AC1E749002333CA /* LoginView.swift in Sources */,
				4B1B82492ABCBE9D005EF033 /* MainTabView.swift in Sources */,
			);
			runOnlyForDeploymentPostprocessing = 0;
		};
/* End PBXSourcesBuildPhase section */

/* Begin XCBuildConfiguration section */
		4B8CD7202ABBDDB70046C967 /* Debug */ = {
			isa = XCBuildConfiguration;
			buildSettings = {
				ALWAYS_SEARCH_USER_PATHS = NO;
				CLANG_ANALYZER_NONNULL = YES;
				CLANG_ANALYZER_NUMBER_OBJECT_CONVERSION = YES_AGGRESSIVE;
				CLANG_CXX_LANGUAGE_STANDARD = "gnu++20";
				CLANG_ENABLE_MODULES = YES;
				CLANG_ENABLE_OBJC_ARC = YES;
				CLANG_ENABLE_OBJC_WEAK = YES;
				CLANG_WARN_BLOCK_CAPTURE_AUTORELEASING = YES;
				CLANG_WARN_BOOL_CONVERSION = YES;
				CLANG_WARN_COMMA = YES;
				CLANG_WARN_CONSTANT_CONVERSION = YES;
				CLANG_WARN_DEPRECATED_OBJC_IMPLEMENTATIONS = YES;
				CLANG_WARN_DIRECT_OBJC_ISA_USAGE = YES_ERROR;
				CLANG_WARN_DOCUMENTATION_COMMENTS = YES;
				CLANG_WARN_EMPTY_BODY = YES;
				CLANG_WARN_ENUM_CONVERSION = YES;
				CLANG_WARN_INFINITE_RECURSION = YES;
				CLANG_WARN_INT_CONVERSION = YES;
				CLANG_WARN_NON_LITERAL_NULL_CONVERSION = YES;
				CLANG_WARN_OBJC_IMPLICIT_RETAIN_SELF = YES;
				CLANG_WARN_OBJC_LITERAL_CONVERSION = YES;
				CLANG_WARN_OBJC_ROOT_CLASS = YES_ERROR;
				CLANG_WARN_QUOTED_INCLUDE_IN_FRAMEWORK_HEADER = YES;
				CLANG_WARN_RANGE_LOOP_ANALYSIS = YES;
				CLANG_WARN_STRICT_PROTOTYPES = YES;
				CLANG_WARN_SUSPICIOUS_MOVE = YES;
				CLANG_WARN_UNGUARDED_AVAILABILITY = YES_AGGRESSIVE;
				CLANG_WARN_UNREACHABLE_CODE = YES;
				CLANG_WARN__DUPLICATE_METHOD_MATCH = YES;
				COPY_PHASE_STRIP = NO;
				DEBUG_INFORMATION_FORMAT = dwarf;
				ENABLE_STRICT_OBJC_MSGSEND = YES;
				ENABLE_TESTABILITY = YES;
				GCC_C_LANGUAGE_STANDARD = gnu11;
				GCC_DYNAMIC_NO_PIC = NO;
				GCC_NO_COMMON_BLOCKS = YES;
				GCC_OPTIMIZATION_LEVEL = 0;
				GCC_PREPROCESSOR_DEFINITIONS = (
					"DEBUG=1",
					"$(inherited)",
				);
				GCC_WARN_64_TO_32_BIT_CONVERSION = YES;
				GCC_WARN_ABOUT_RETURN_TYPE = YES_ERROR;
				GCC_WARN_UNDECLARED_SELECTOR = YES;
				GCC_WARN_UNINITIALIZED_AUTOS = YES_AGGRESSIVE;
				GCC_WARN_UNUSED_FUNCTION = YES;
				GCC_WARN_UNUSED_VARIABLE = YES;
				IPHONEOS_DEPLOYMENT_TARGET = 16.4;
				MTL_ENABLE_DEBUG_INFO = INCLUDE_SOURCE;
				MTL_FAST_MATH = YES;
				ONLY_ACTIVE_ARCH = YES;
				SDKROOT = iphoneos;
				SWIFT_ACTIVE_COMPILATION_CONDITIONS = DEBUG;
				SWIFT_OPTIMIZATION_LEVEL = "-Onone";
			};
			name = Debug;
		};
		4B8CD7212ABBDDB70046C967 /* Release */ = {
			isa = XCBuildConfiguration;
			buildSettings = {
				ALWAYS_SEARCH_USER_PATHS = NO;
				CLANG_ANALYZER_NONNULL = YES;
				CLANG_ANALYZER_NUMBER_OBJECT_CONVERSION = YES_AGGRESSIVE;
				CLANG_CXX_LANGUAGE_STANDARD = "gnu++20";
				CLANG_ENABLE_MODULES = YES;
				CLANG_ENABLE_OBJC_ARC = YES;
				CLANG_ENABLE_OBJC_WEAK = YES;
				CLANG_WARN_BLOCK_CAPTURE_AUTORELEASING = YES;
				CLANG_WARN_BOOL_CONVERSION = YES;
				CLANG_WARN_COMMA = YES;
				CLANG_WARN_CONSTANT_CONVERSION = YES;
				CLANG_WARN_DEPRECATED_OBJC_IMPLEMENTATIONS = YES;
				CLANG_WARN_DIRECT_OBJC_ISA_USAGE = YES_ERROR;
				CLANG_WARN_DOCUMENTATION_COMMENTS = YES;
				CLANG_WARN_EMPTY_BODY = YES;
				CLANG_WARN_ENUM_CONVERSION = YES;
				CLANG_WARN_INFINITE_RECURSION = YES;
				CLANG_WARN_INT_CONVERSION = YES;
				CLANG_WARN_NON_LITERAL_NULL_CONVERSION = YES;
				CLANG_WARN_OBJC_IMPLICIT_RETAIN_SELF = YES;
				CLANG_WARN_OBJC_LITERAL_CONVERSION = YES;
				CLANG_WARN_OBJC_ROOT_CLASS = YES_ERROR;
				CLANG_WARN_QUOTED_INCLUDE_IN_FRAMEWORK_HEADER = YES;
				CLANG_WARN_RANGE_LOOP_ANALYSIS = YES;
				CLANG_WARN_STRICT_PROTOTYPES = YES;
				CLANG_WARN_SUSPICIOUS_MOVE = YES;
				CLANG_WARN_UNGUARDED_AVAILABILITY = YES_AGGRESSIVE;
				CLANG_WARN_UNREACHABLE_CODE = YES;
				CLANG_WARN__DUPLICATE_METHOD_MATCH = YES;
				COPY_PHASE_STRIP = NO;
				DEBUG_INFORMATION_FORMAT = "dwarf-with-dsym";
				ENABLE_NS_ASSERTIONS = NO;
				ENABLE_STRICT_OBJC_MSGSEND = YES;
				GCC_C_LANGUAGE_STANDARD = gnu11;
				GCC_NO_COMMON_BLOCKS = YES;
				GCC_WARN_64_TO_32_BIT_CONVERSION = YES;
				GCC_WARN_ABOUT_RETURN_TYPE = YES_ERROR;
				GCC_WARN_UNDECLARED_SELECTOR = YES;
				GCC_WARN_UNINITIALIZED_AUTOS = YES_AGGRESSIVE;
				GCC_WARN_UNUSED_FUNCTION = YES;
				GCC_WARN_UNUSED_VARIABLE = YES;
				IPHONEOS_DEPLOYMENT_TARGET = 16.4;
				MTL_ENABLE_DEBUG_INFO = NO;
				MTL_FAST_MATH = YES;
				SDKROOT = iphoneos;
				SWIFT_COMPILATION_MODE = wholemodule;
				SWIFT_OPTIMIZATION_LEVEL = "-O";
				VALIDATE_PRODUCT = YES;
			};
			name = Release;
		};
		4B8CD7232ABBDDB70046C967 /* Debug */ = {
			isa = XCBuildConfiguration;
			buildSettings = {
				ASSETCATALOG_COMPILER_APPICON_NAME = AppIcon;
				ASSETCATALOG_COMPILER_GLOBAL_ACCENT_COLOR_NAME = AccentColor;
				CODE_SIGN_STYLE = Automatic;
				CURRENT_PROJECT_VERSION = 1;
				DEVELOPMENT_ASSET_PATHS = "\"InstagramClone/Preview Content\"";
				DEVELOPMENT_TEAM = 3RQAYNAD56;
				ENABLE_PREVIEWS = YES;
				GENERATE_INFOPLIST_FILE = YES;
				INFOPLIST_KEY_UIApplicationSceneManifest_Generation = YES;
				INFOPLIST_KEY_UIApplicationSupportsIndirectInputEvents = YES;
				INFOPLIST_KEY_UILaunchScreen_Generation = YES;
				INFOPLIST_KEY_UISupportedInterfaceOrientations_iPad = "UIInterfaceOrientationPortrait UIInterfaceOrientationPortraitUpsideDown UIInterfaceOrientationLandscapeLeft UIInterfaceOrientationLandscapeRight";
				INFOPLIST_KEY_UISupportedInterfaceOrientations_iPhone = "UIInterfaceOrientationPortrait UIInterfaceOrientationLandscapeLeft UIInterfaceOrientationLandscapeRight";
				LD_RUNPATH_SEARCH_PATHS = (
					"$(inherited)",
					"@executable_path/Frameworks",
				);
				MARKETING_VERSION = 1.0;
				PRODUCT_BUNDLE_IDENTIFIER = com.bsc.InstagramClone;
				PRODUCT_NAME = "$(TARGET_NAME)";
				SWIFT_EMIT_LOC_STRINGS = YES;
				SWIFT_VERSION = 5.0;
				TARGETED_DEVICE_FAMILY = "1,2";
			};
			name = Debug;
		};
		4B8CD7242ABBDDB70046C967 /* Release */ = {
			isa = XCBuildConfiguration;
			buildSettings = {
				ASSETCATALOG_COMPILER_APPICON_NAME = AppIcon;
				ASSETCATALOG_COMPILER_GLOBAL_ACCENT_COLOR_NAME = AccentColor;
				CODE_SIGN_STYLE = Automatic;
				CURRENT_PROJECT_VERSION = 1;
				DEVELOPMENT_ASSET_PATHS = "\"InstagramClone/Preview Content\"";
				DEVELOPMENT_TEAM = 3RQAYNAD56;
				ENABLE_PREVIEWS = YES;
				GENERATE_INFOPLIST_FILE = YES;
				INFOPLIST_KEY_UIApplicationSceneManifest_Generation = YES;
				INFOPLIST_KEY_UIApplicationSupportsIndirectInputEvents = YES;
				INFOPLIST_KEY_UILaunchScreen_Generation = YES;
				INFOPLIST_KEY_UISupportedInterfaceOrientations_iPad = "UIInterfaceOrientationPortrait UIInterfaceOrientationPortraitUpsideDown UIInterfaceOrientationLandscapeLeft UIInterfaceOrientationLandscapeRight";
				INFOPLIST_KEY_UISupportedInterfaceOrientations_iPhone = "UIInterfaceOrientationPortrait UIInterfaceOrientationLandscapeLeft UIInterfaceOrientationLandscapeRight";
				LD_RUNPATH_SEARCH_PATHS = (
					"$(inherited)",
					"@executable_path/Frameworks",
				);
				MARKETING_VERSION = 1.0;
				PRODUCT_BUNDLE_IDENTIFIER = com.bsc.InstagramClone;
				PRODUCT_NAME = "$(TARGET_NAME)";
				SWIFT_EMIT_LOC_STRINGS = YES;
				SWIFT_VERSION = 5.0;
				TARGETED_DEVICE_FAMILY = "1,2";
			};
			name = Release;
		};
/* End XCBuildConfiguration section */

/* Begin XCConfigurationList section */
		4B8CD70F2ABBDDB50046C967 /* Build configuration list for PBXProject "InstagramClone" */ = {
			isa = XCConfigurationList;
			buildConfigurations = (
				4B8CD7202ABBDDB70046C967 /* Debug */,
				4B8CD7212ABBDDB70046C967 /* Release */,
			);
			defaultConfigurationIsVisible = 0;
			defaultConfigurationName = Release;
		};
		4B8CD7222ABBDDB70046C967 /* Build configuration list for PBXNativeTarget "InstagramClone" */ = {
			isa = XCConfigurationList;
			buildConfigurations = (
				4B8CD7232ABBDDB70046C967 /* Debug */,
				4B8CD7242ABBDDB70046C967 /* Release */,
			);
			defaultConfigurationIsVisible = 0;
			defaultConfigurationName = Release;
		};
/* End XCConfigurationList section */
	};
	rootObject = 4B8CD70C2ABBDDB50046C967 /* Project object */;
}
